
Microsoft Visual Studio Solution File, Format Version 12.00
# Visual Studio 15
VisualStudioVersion = 15.0.27703.2026
MinimumVisualStudioVersion = 10.0.40219.1
Project("{2150E333-8FDC-42A3-9474-1A3956D46DE8}") = "Part 1 Getting started with Web API and OData V4", "Part 1 Getting started with Web API and OData V4", "{932302F8-3863-4888-906D-1C8961266104}"
EndProject
Project("{FAE04EC0-301F-11D3-BF4B-00C04F79EFBC}") = "WebAPIODataV4-Part1", "Part 1 Getting started with Web API and OData V4\WebAPIODataV4\WebAPIODataV4-Part1.csproj", "{A166FEAB-5063-4F8B-99B4-DBD55FFCCB39}"
EndProject
Project("{2150E333-8FDC-42A3-9474-1A3956D46DE8}") = "Part 2 Web API and OData V4 Queries, Functions and Attribute Routing", "Part 2 Web API and OData V4 Queries, Functions and Attribute Routing", "{CF214154-988C-41FD-B25F-661307C6ECCC}"
EndProject
Project("{FAE04EC0-301F-11D3-BF4B-00C04F79EFBC}") = "WebAPIODataV4-Part2", "Part 2 Web API and OData V4 Queries, Functions and Attribute Routing\WebAPIODataV4\WebAPIODataV4-Part2.csproj", "{CCB3F343-D453-4509-B71D-D00AD1A449CC}"
EndProject
Project("{2150E333-8FDC-42A3-9474-1A3956D46DE8}") = "Part 3 Web API and OData V4 CRUD and Actions", "Part 3 Web API and OData V4 CRUD and Actions", "{6FA853A5-399F-46F0-8E22-901E929E454E}"
EndProject
Project("{FAE04EC0-301F-11D3-BF4B-00C04F79EFBC}") = "WebAPIODataV4-Part3", "Part 3 Web API and OData V4 CRUD and Actions\WebAPIODataV4\WebAPIODataV4-Part3.csproj", "{EECBF74A-9EFF-4D6E-BDFE-80B3BC8E166C}"
EndProject
Project("{2150E333-8FDC-42A3-9474-1A3956D46DE8}") = "Part 4 Web API OData V4 Using enum with Functions and Entities", "Part 4 Web API OData V4 Using enum with Functions and Entities", "{6B33B1E0-6451-47A4-8F0A-049041B21300}"
EndProject
Project("{FAE04EC0-301F-11D3-BF4B-00C04F79EFBC}") = "WebAPIODataV4-Part4", "Part 4 Web API OData V4 Using enum with Functions and Entities\WebAPIODataV4\WebAPIODataV4-Part4.csproj", "{EBBB6FC8-7A98-4AC7-8E78-389264477114}"
EndProject
Project("{FAE04EC0-301F-11D3-BF4B-00C04F79EFBC}") = "ProductService", "Part 4 Web API OData V4 Using enum with Functions and Entities\ProductService\ProductService.csproj", "{A21EF9B3-F554-4899-B835-B16E38FC0AFB}"
EndProject
Project("{2150E333-8FDC-42A3-9474-1A3956D46DE8}") = "Part 5 Web API OData V4 Using Unity IoC, SQLite with EF6 and OData Model Aliasing", "Part 5 Web API OData V4 Using Unity IoC, SQLite with EF6 and OData Model Aliasing", "{A59AE17B-ED86-482D-8989-90C6DF644635}"
EndProject
Project("{FAE04EC0-301F-11D3-BF4B-00C04F79EFBC}") = "WebAPIODataV4-Part5", "Part 5 Web API OData V4 Using Unity IoC, SQLite with EF6 and OData Model Aliasing\WebAPIODataV4\WebAPIODataV4-Part5.csproj", "{EF2F5B8D-8A7D-4B04-8473-7D3B090FFDB3}"
EndProject
Project("{2150E333-8FDC-42A3-9474-1A3956D46DE8}") = "Part 6 Web API OData V4 Using Contained Models", "Part 6 Web API OData V4 Using Contained Models", "{A88D625C-7B27-4025-BEE4-BF3EC4BACCCD}"
EndProject
Project("{FAE04EC0-301F-11D3-BF4B-00C04F79EFBC}") = "WebAPIODataV4-Part6", "Part 6 Web API OData V4 Using Contained Models\WebAPIODataV4\WebAPIODataV4-Part6.csproj", "{0C1CCDB1-B12C-4313-9643-2EDA97E4A202}"
EndProject
Global
	GlobalSection(SolutionConfigurationPlatforms) = preSolution
		Debug|Any CPU = Debug|Any CPU
		Release|Any CPU = Release|Any CPU
	EndGlobalSection
	GlobalSection(ProjectConfigurationPlatforms) = postSolution
		{A166FEAB-5063-4F8B-99B4-DBD55FFCCB39}.Debug|Any CPU.ActiveCfg = Debug|Any CPU
		{A166FEAB-5063-4F8B-99B4-DBD55FFCCB39}.Debug|Any CPU.Build.0 = Debug|Any CPU
		{A166FEAB-5063-4F8B-99B4-DBD55FFCCB39}.Release|Any CPU.ActiveCfg = Release|Any CPU
		{A166FEAB-5063-4F8B-99B4-DBD55FFCCB39}.Release|Any CPU.Build.0 = Release|Any CPU
		{CCB3F343-D453-4509-B71D-D00AD1A449CC}.Debug|Any CPU.ActiveCfg = Debug|Any CPU
		{CCB3F343-D453-4509-B71D-D00AD1A449CC}.Debug|Any CPU.Build.0 = Debug|Any CPU
		{CCB3F343-D453-4509-B71D-D00AD1A449CC}.Release|Any CPU.ActiveCfg = Release|Any CPU
		{CCB3F343-D453-4509-B71D-D00AD1A449CC}.Release|Any CPU.Build.0 = Release|Any CPU
		{EECBF74A-9EFF-4D6E-BDFE-80B3BC8E166C}.Debug|Any CPU.ActiveCfg = Debug|Any CPU
		{EECBF74A-9EFF-4D6E-BDFE-80B3BC8E166C}.Debug|Any CPU.Build.0 = Debug|Any CPU
		{EECBF74A-9EFF-4D6E-BDFE-80B3BC8E166C}.Release|Any CPU.ActiveCfg = Release|Any CPU
		{EECBF74A-9EFF-4D6E-BDFE-80B3BC8E166C}.Release|Any CPU.Build.0 = Release|Any CPU
		{EBBB6FC8-7A98-4AC7-8E78-389264477114}.Debug|Any CPU.ActiveCfg = Debug|Any CPU
		{EBBB6FC8-7A98-4AC7-8E78-389264477114}.Debug|Any CPU.Build.0 = Debug|Any CPU
		{EBBB6FC8-7A98-4AC7-8E78-389264477114}.Release|Any CPU.ActiveCfg = Release|Any CPU
		{EBBB6FC8-7A98-4AC7-8E78-389264477114}.Release|Any CPU.Build.0 = Release|Any CPU
		{A21EF9B3-F554-4899-B835-B16E38FC0AFB}.Debug|Any CPU.ActiveCfg = Debug|Any CPU
		{A21EF9B3-F554-4899-B835-B16E38FC0AFB}.Debug|Any CPU.Build.0 = Debug|Any CPU
		{A21EF9B3-F554-4899-B835-B16E38FC0AFB}.Release|Any CPU.ActiveCfg = Release|Any CPU
		{A21EF9B3-F554-4899-B835-B16E38FC0AFB}.Release|Any CPU.Build.0 = Release|Any CPU
		{EF2F5B8D-8A7D-4B04-8473-7D3B090FFDB3}.Debug|Any CPU.ActiveCfg = Debug|Any CPU
		{EF2F5B8D-8A7D-4B04-8473-7D3B090FFDB3}.Debug|Any CPU.Build.0 = Debug|Any CPU
		{EF2F5B8D-8A7D-4B04-8473-7D3B090FFDB3}.Release|Any CPU.ActiveCfg = Release|Any CPU
		{EF2F5B8D-8A7D-4B04-8473-7D3B090FFDB3}.Release|Any CPU.Build.0 = Release|Any CPU
		{0C1CCDB1-B12C-4313-9643-2EDA97E4A202}.Debug|Any CPU.ActiveCfg = Debug|Any CPU
		{0C1CCDB1-B12C-4313-9643-2EDA97E4A202}.Debug|Any CPU.Build.0 = Debug|Any CPU
		{0C1CCDB1-B12C-4313-9643-2EDA97E4A202}.Release|Any CPU.ActiveCfg = Release|Any CPU
		{0C1CCDB1-B12C-4313-9643-2EDA97E4A202}.Release|Any CPU.Build.0 = Release|Any CPU
	EndGlobalSection
	GlobalSection(SolutionProperties) = preSolution
		HideSolutionNode = FALSE
	EndGlobalSection
	GlobalSection(NestedProjects) = preSolution
		{A166FEAB-5063-4F8B-99B4-DBD55FFCCB39} = {932302F8-3863-4888-906D-1C8961266104}
		{CCB3F343-D453-4509-B71D-D00AD1A449CC} = {CF214154-988C-41FD-B25F-661307C6ECCC}
		{EECBF74A-9EFF-4D6E-BDFE-80B3BC8E166C} = {6FA853A5-399F-46F0-8E22-901E929E454E}
		{EBBB6FC8-7A98-4AC7-8E78-389264477114} = {6B33B1E0-6451-47A4-8F0A-049041B21300}
		{A21EF9B3-F554-4899-B835-B16E38FC0AFB} = {6B33B1E0-6451-47A4-8F0A-049041B21300}
		{EF2F5B8D-8A7D-4B04-8473-7D3B090FFDB3} = {A59AE17B-ED86-482D-8989-90C6DF644635}
		{0C1CCDB1-B12C-4313-9643-2EDA97E4A202} = {A88D625C-7B27-4025-BEE4-BF3EC4BACCCD}
	EndGlobalSection
	GlobalSection(ExtensibilityGlobals) = postSolution
		SolutionGuid = {970B5E2A-FC36-4680-9EA8-2747811DC4E8}
	EndGlobalSection
EndGlobal
